{
  "lib/aave-v3-core": {
    "tag": {
      "name": "v1.19.4",
      "rev": "b74526a7bc67a3a117a1963fc871b3eb8cea8435"
    }
  },
  "lib/euler-price-oracle": {
    "rev": "5a07ce0427b037c1282709ba7dc8ea4f6f54bbfc"
  },
  "lib/forge-std": {
    "tag": {
      "name": "v1.12.0",
      "rev": "7117c90c8cf6c68e5acce4f09a6b24715cea4de6"
    }
  },
  "lib/openzeppelin-contracts": {
    "tag": {
      "name": "v5.5.0",
      "rev": "fcbae5394ae8ad52d8e580a3477db99814b9d565"
    }
  },
  "lib/openzeppelin-contracts-upgradeable": {
    "tag": {
      "name": "v5.5.0",
      "rev": "aa677e9d28ed78fc427ec47ba2baef2030c58e7c"
    }
  },
  "lib/pendle-core-v2-public": {
    "rev": "c703c66c49b3e3c3b51e4c2d56d96e2df8729437"
  },
  "lib/universal-router": {
    "tag": {
      "name": "v1.6.0",
      "rev": "41183d6eb154f0ab0e74a0e911a5ef9ea51fc4bd"
    }
  },
  "lib/v3-core": {
    "tag": {
      "name": "v1.0.0",
      "rev": "e3589b192d0be27e100cd0daaf6c97204fdb1899"
    }
  },
  "lib/v3-periphery": {
    "tag": {
      "name": "v1.3.0",
      "rev": "80f26c86c57b8a5e4b913f42844d4c8bd274d058"
    }
  },
  "lib/v4-core": {
    "tag": {
      "name": "v4.0.0",
      "rev": "e50237c43811bd9b526eff40f26772152a42daba"
    }
  },
  "lib/v4-periphery": {
    "rev": "3779387e5d296f39df543d23524b050f89a62917"
  }
}